# This file is generated by running "yarn install" inside your project.
# Manual changes might be lost - proceed with caution!

__metadata:
  version: 8
  cacheKey: 10c0

"@esbuild/aix-ppc64@npm:0.24.2":
  version: 0.24.2
  resolution: "@esbuild/aix-ppc64@npm:0.24.2"
  conditions: os=aix & cpu=ppc64
  languageName: node
  linkType: hard

"@esbuild/android-arm64@npm:0.24.2":
  version: 0.24.2
  resolution: "@esbuild/android-arm64@npm:0.24.2"
  conditions: os=android & cpu=arm64
  languageName: node
  linkType: hard

"@esbuild/android-arm@npm:0.24.2":
  version: 0.24.2
  resolution: "@esbuild/android-arm@npm:0.24.2"
  conditions: os=android & cpu=arm
  languageName: node
  linkType: hard

"@esbuild/android-x64@npm:0.24.2":
  version: 0.24.2
  resolution: "@esbuild/android-x64@npm:0.24.2"
  conditions: os=android & cpu=x64
  languageName: node
  linkType: hard

"@esbuild/darwin-arm64@npm:0.24.2":
  version: 0.24.2
  resolution: "@esbuild/darwin-arm64@npm:0.24.2"
  conditions: os=darwin & cpu=arm64
  languageName: node
  linkType: hard

"@esbuild/darwin-x64@npm:0.24.2":
  version: 0.24.2
  resolution: "@esbuild/darwin-x64@npm:0.24.2"
  conditions: os=darwin & cpu=x64
  languageName: node
  linkType: hard

"@esbuild/freebsd-arm64@npm:0.24.2":
  version: 0.24.2
  resolution: "@esbuild/freebsd-arm64@npm:0.24.2"
  conditions: os=freebsd & cpu=arm64
  languageName: node
  linkType: hard

"@esbuild/freebsd-x64@npm:0.24.2":
  version: 0.24.2
  resolution: "@esbuild/freebsd-x64@npm:0.24.2"
  conditions: os=freebsd & cpu=x64
  languageName: node
  linkType: hard

"@esbuild/linux-arm64@npm:0.24.2":
  version: 0.24.2
  resolution: "@esbuild/linux-arm64@npm:0.24.2"
  conditions: os=linux & cpu=arm64
  languageName: node
  linkType: hard

"@esbuild/linux-arm@npm:0.24.2":
  version: 0.24.2
  resolution: "@esbuild/linux-arm@npm:0.24.2"
  conditions: os=linux & cpu=arm
  languageName: node
  linkType: hard

"@esbuild/linux-ia32@npm:0.24.2":
  version: 0.24.2
  resolution: "@esbuild/linux-ia32@npm:0.24.2"
  conditions: os=linux & cpu=ia32
  languageName: node
  linkType: hard

"@esbuild/linux-loong64@npm:0.24.2":
  version: 0.24.2
  resolution: "@esbuild/linux-loong64@npm:0.24.2"
  conditions: os=linux & cpu=loong64
  languageName: node
  linkType: hard

"@esbuild/linux-mips64el@npm:0.24.2":
  version: 0.24.2
  resolution: "@esbuild/linux-mips64el@npm:0.24.2"
  conditions: os=linux & cpu=mips64el
  languageName: node
  linkType: hard

"@esbuild/linux-ppc64@npm:0.24.2":
  version: 0.24.2
  resolution: "@esbuild/linux-ppc64@npm:0.24.2"
  conditions: os=linux & cpu=ppc64
  languageName: node
  linkType: hard

"@esbuild/linux-riscv64@npm:0.24.2":
  version: 0.24.2
  resolution: "@esbuild/linux-riscv64@npm:0.24.2"
  conditions: os=linux & cpu=riscv64
  languageName: node
  linkType: hard

"@esbuild/linux-s390x@npm:0.24.2":
  version: 0.24.2
  resolution: "@esbuild/linux-s390x@npm:0.24.2"
  conditions: os=linux & cpu=s390x
  languageName: node
  linkType: hard

"@esbuild/linux-x64@npm:0.24.2":
  version: 0.24.2
  resolution: "@esbuild/linux-x64@npm:0.24.2"
  conditions: os=linux & cpu=x64
  languageName: node
  linkType: hard

"@esbuild/netbsd-arm64@npm:0.24.2":
  version: 0.24.2
  resolution: "@esbuild/netbsd-arm64@npm:0.24.2"
  conditions: os=netbsd & cpu=arm64
  languageName: node
  linkType: hard

"@esbuild/netbsd-x64@npm:0.24.2":
  version: 0.24.2
  resolution: "@esbuild/netbsd-x64@npm:0.24.2"
  conditions: os=netbsd & cpu=x64
  languageName: node
  linkType: hard

"@esbuild/openbsd-arm64@npm:0.24.2":
  version: 0.24.2
  resolution: "@esbuild/openbsd-arm64@npm:0.24.2"
  conditions: os=openbsd & cpu=arm64
  languageName: node
  linkType: hard

"@esbuild/openbsd-x64@npm:0.24.2":
  version: 0.24.2
  resolution: "@esbuild/openbsd-x64@npm:0.24.2"
  conditions: os=openbsd & cpu=x64
  languageName: node
  linkType: hard

"@esbuild/sunos-x64@npm:0.24.2":
  version: 0.24.2
  resolution: "@esbuild/sunos-x64@npm:0.24.2"
  conditions: os=sunos & cpu=x64
  languageName: node
  linkType: hard

"@esbuild/win32-arm64@npm:0.24.2":
  version: 0.24.2
  resolution: "@esbuild/win32-arm64@npm:0.24.2"
  conditions: os=win32 & cpu=arm64
  languageName: node
  linkType: hard

"@esbuild/win32-ia32@npm:0.24.2":
  version: 0.24.2
  resolution: "@esbuild/win32-ia32@npm:0.24.2"
  conditions: os=win32 & cpu=ia32
  languageName: node
  linkType: hard

"@esbuild/win32-x64@npm:0.24.2":
  version: 0.24.2
  resolution: "@esbuild/win32-x64@npm:0.24.2"
  conditions: os=win32 & cpu=x64
  languageName: node
  linkType: hard

"@ioredis/commands@npm:^1.1.1":
  version: 1.2.0
  resolution: "@ioredis/commands@npm:1.2.0"
  checksum: 10c0/a5d3c29dd84d8a28b7c67a441ac1715cbd7337a7b88649c0f17c345d89aa218578d2b360760017c48149ef8a70f44b051af9ac0921a0622c2b479614c4f65b36
  languageName: node
  linkType: hard

"@karimsa/warlock@workspace:.":
  version: 0.0.0-use.local
  resolution: "@karimsa/warlock@workspace:."
  dependencies:
    "@types/ioredis": "npm:5.0.0"
    "@types/uuid": "npm:10.0.0"
    esbuild: "npm:0.24.2"
    prettier: "npm:3.4.2"
    typescript: "npm:5.7.2"
    uuid: "npm:11.0.3"
  languageName: unknown
  linkType: soft

"@types/ioredis@npm:5.0.0":
  version: 5.0.0
  resolution: "@types/ioredis@npm:5.0.0"
  dependencies:
    ioredis: "npm:*"
  checksum: 10c0/e52ce4239f0334701fc95fb5aaf1753d75f7582099fdf152743192f49d9ee4a88478b339d015e50cb5e111e38925846cf20668355f4046af7855021d2be181f0
  languageName: node
  linkType: hard

"@types/uuid@npm:10.0.0":
  version: 10.0.0
  resolution: "@types/uuid@npm:10.0.0"
  checksum: 10c0/9a1404bf287164481cb9b97f6bb638f78f955be57c40c6513b7655160beb29df6f84c915aaf4089a1559c216557dc4d2f79b48d978742d3ae10b937420ddac60
  languageName: node
  linkType: hard

"cluster-key-slot@npm:^1.1.0":
  version: 1.1.2
  resolution: "cluster-key-slot@npm:1.1.2"
  checksum: 10c0/d7d39ca28a8786e9e801eeb8c770e3c3236a566625d7299a47bb71113fb2298ce1039596acb82590e598c52dbc9b1f088c8f587803e697cb58e1867a95ff94d3
  languageName: node
  linkType: hard

"debug@npm:^4.3.4":
  version: 4.4.0
  resolution: "debug@npm:4.4.0"
  dependencies:
    ms: "npm:^2.1.3"
  peerDependenciesMeta:
    supports-color:
      optional: true
  checksum: 10c0/db94f1a182bf886f57b4755f85b3a74c39b5114b9377b7ab375dc2cfa3454f09490cc6c30f829df3fc8042bc8b8995f6567ce5cd96f3bc3688bd24027197d9de
  languageName: node
  linkType: hard

"denque@npm:^2.1.0":
  version: 2.1.0
  resolution: "denque@npm:2.1.0"
  checksum: 10c0/f9ef81aa0af9c6c614a727cb3bd13c5d7db2af1abf9e6352045b86e85873e629690f6222f4edd49d10e4ccf8f078bbeec0794fafaf61b659c0589d0c511ec363
  languageName: node
  linkType: hard

"esbuild@npm:0.24.2":
  version: 0.24.2
  resolution: "esbuild@npm:0.24.2"
  dependencies:
    "@esbuild/aix-ppc64": "npm:0.24.2"
    "@esbuild/android-arm": "npm:0.24.2"
    "@esbuild/android-arm64": "npm:0.24.2"
    "@esbuild/android-x64": "npm:0.24.2"
    "@esbuild/darwin-arm64": "npm:0.24.2"
    "@esbuild/darwin-x64": "npm:0.24.2"
    "@esbuild/freebsd-arm64": "npm:0.24.2"
    "@esbuild/freebsd-x64": "npm:0.24.2"
    "@esbuild/linux-arm": "npm:0.24.2"
    "@esbuild/linux-arm64": "npm:0.24.2"
    "@esbuild/linux-ia32": "npm:0.24.2"
    "@esbuild/linux-loong64": "npm:0.24.2"
    "@esbuild/linux-mips64el": "npm:0.24.2"
    "@esbuild/linux-ppc64": "npm:0.24.2"
    "@esbuild/linux-riscv64": "npm:0.24.2"
    "@esbuild/linux-s390x": "npm:0.24.2"
    "@esbuild/linux-x64": "npm:0.24.2"
    "@esbuild/netbsd-arm64": "npm:0.24.2"
    "@esbuild/netbsd-x64": "npm:0.24.2"
    "@esbuild/openbsd-arm64": "npm:0.24.2"
    "@esbuild/openbsd-x64": "npm:0.24.2"
    "@esbuild/sunos-x64": "npm:0.24.2"
    "@esbuild/win32-arm64": "npm:0.24.2"
    "@esbuild/win32-ia32": "npm:0.24.2"
    "@esbuild/win32-x64": "npm:0.24.2"
  dependenciesMeta:
    "@esbuild/aix-ppc64":
      optional: true
    "@esbuild/android-arm":
      optional: true
    "@esbuild/android-arm64":
      optional: true
    "@esbuild/android-x64":
      optional: true
    "@esbuild/darwin-arm64":
      optional: true
    "@esbuild/darwin-x64":
      optional: true
    "@esbuild/freebsd-arm64":
      optional: true
    "@esbuild/freebsd-x64":
      optional: true
    "@esbuild/linux-arm":
      optional: true
    "@esbuild/linux-arm64":
      optional: true
    "@esbuild/linux-ia32":
      optional: true
    "@esbuild/linux-loong64":
      optional: true
    "@esbuild/linux-mips64el":
      optional: true
    "@esbuild/linux-ppc64":
      optional: true
    "@esbuild/linux-riscv64":
      optional: true
    "@esbuild/linux-s390x":
      optional: true
    "@esbuild/linux-x64":
      optional: true
    "@esbuild/netbsd-arm64":
      optional: true
    "@esbuild/netbsd-x64":
      optional: true
    "@esbuild/openbsd-arm64":
      optional: true
    "@esbuild/openbsd-x64":
      optional: true
    "@esbuild/sunos-x64":
      optional: true
    "@esbuild/win32-arm64":
      optional: true
    "@esbuild/win32-ia32":
      optional: true
    "@esbuild/win32-x64":
      optional: true
  bin:
    esbuild: bin/esbuild
  checksum: 10c0/5a25bb08b6ba23db6e66851828d848bd3ff87c005a48c02d83e38879058929878a6baa5a414e1141faee0d1dece3f32b5fbc2a87b82ed6a7aa857cf40359aeb5
  languageName: node
  linkType: hard

"ioredis@npm:*":
  version: 5.4.2
  resolution: "ioredis@npm:5.4.2"
  dependencies:
    "@ioredis/commands": "npm:^1.1.1"
    cluster-key-slot: "npm:^1.1.0"
    debug: "npm:^4.3.4"
    denque: "npm:^2.1.0"
    lodash.defaults: "npm:^4.2.0"
    lodash.isarguments: "npm:^3.1.0"
    redis-errors: "npm:^1.2.0"
    redis-parser: "npm:^3.0.0"
    standard-as-callback: "npm:^2.1.0"
  checksum: 10c0/e59d2cceb43ed74b487d7b50fa91b93246e734e5d4835c7e62f64e44da072f12ab43b044248012e6f8b76c61a7c091a2388caad50e8ad69a8ce5515a730b23b8
  languageName: node
  linkType: hard

"lodash.defaults@npm:^4.2.0":
  version: 4.2.0
  resolution: "lodash.defaults@npm:4.2.0"
  checksum: 10c0/d5b77aeb702caa69b17be1358faece33a84497bcca814897383c58b28a2f8dfc381b1d9edbec239f8b425126a3bbe4916223da2a576bb0411c2cefd67df80707
  languageName: node
  linkType: hard

"lodash.isarguments@npm:^3.1.0":
  version: 3.1.0
  resolution: "lodash.isarguments@npm:3.1.0"
  checksum: 10c0/5e8f95ba10975900a3920fb039a3f89a5a79359a1b5565e4e5b4310ed6ebe64011e31d402e34f577eca983a1fc01ff86c926e3cbe602e1ddfc858fdd353e62d8
  languageName: node
  linkType: hard

"ms@npm:^2.1.3":
  version: 2.1.3
  resolution: "ms@npm:2.1.3"
  checksum: 10c0/d924b57e7312b3b63ad21fc5b3dc0af5e78d61a1fc7cfb5457edaf26326bf62be5307cc87ffb6862ef1c2b33b0233cdb5d4f01c4c958cc0d660948b65a287a48
  languageName: node
  linkType: hard

"prettier@npm:3.4.2":
  version: 3.4.2
  resolution: "prettier@npm:3.4.2"
  bin:
    prettier: bin/prettier.cjs
  checksum: 10c0/99e076a26ed0aba4ebc043880d0f08bbb8c59a4c6641cdee6cdadf2205bdd87aa1d7823f50c3aea41e015e99878d37c58d7b5f0e663bba0ef047f94e36b96446
  languageName: node
  linkType: hard

"redis-errors@npm:^1.0.0, redis-errors@npm:^1.2.0":
  version: 1.2.0
  resolution: "redis-errors@npm:1.2.0"
  checksum: 10c0/5b316736e9f532d91a35bff631335137a4f974927bb2fb42bf8c2f18879173a211787db8ac4c3fde8f75ed6233eb0888e55d52510b5620e30d69d7d719c8b8a7
  languageName: node
  linkType: hard

"redis-parser@npm:^3.0.0":
  version: 3.0.0
  resolution: "redis-parser@npm:3.0.0"
  dependencies:
    redis-errors: "npm:^1.0.0"
  checksum: 10c0/ee16ac4c7b2a60b1f42a2cdaee22b005bd4453eb2d0588b8a4939718997ae269da717434da5d570fe0b05030466eeb3f902a58cf2e8e1ca058bf6c9c596f632f
  languageName: node
  linkType: hard

"standard-as-callback@npm:^2.1.0":
  version: 2.1.0
  resolution: "standard-as-callback@npm:2.1.0"
  checksum: 10c0/012677236e3d3fdc5689d29e64ea8a599331c4babe86956bf92fc5e127d53f85411c5536ee0079c52c43beb0026b5ce7aa1d834dd35dd026e82a15d1bcaead1f
  languageName: node
  linkType: hard

"typescript@npm:5.7.2":
  version: 5.7.2
  resolution: "typescript@npm:5.7.2"
  bin:
    tsc: bin/tsc
    tsserver: bin/tsserver
  checksum: 10c0/a873118b5201b2ef332127ef5c63fb9d9c155e6fdbe211cbd9d8e65877283797cca76546bad742eea36ed7efbe3424a30376818f79c7318512064e8625d61622
  languageName: node
  linkType: hard

"typescript@patch:typescript@npm%3A5.7.2#optional!builtin<compat/typescript>":
  version: 5.7.2
  resolution: "typescript@patch:typescript@npm%3A5.7.2#optional!builtin<compat/typescript>::version=5.7.2&hash=5786d5"
  bin:
    tsc: bin/tsc
    tsserver: bin/tsserver
  checksum: 10c0/f3b8082c9d1d1629a215245c9087df56cb784f9fb6f27b5d55577a20e68afe2a889c040aacff6d27e35be165ecf9dca66e694c42eb9a50b3b2c451b36b5675cb
  languageName: node
  linkType: hard

"uuid@npm:11.0.3":
  version: 11.0.3
  resolution: "uuid@npm:11.0.3"
  bin:
    uuid: dist/esm/bin/uuid
  checksum: 10c0/cee762fc76d949a2ff9205770334699e0043d52bb766472593a25f150077c9deed821230251ea3d6ab3943a5ea137d2826678797f1d5f6754c7ce5ce27e9f7a6
  languageName: node
  linkType: hard
